{
  "name": "xnoria-agentic-engine",
  "lockfileVersion": 3,
  "requires": true,
  "packages": {
    "": {
      "dependencies": {
        "csv-parse": "^7.0.0"
      },
      "devDependencies": {
        "@types/csv-parse": "^1.1.12"
      }
    },
    "node_modules/@types/csv-parse": {
      "version": "1.1.12",
      "resolved": "https://registry.npmjs.org/@types/csv-parse/-/csv-parse-1.1.12.tgz",
      "integrity": "sha512-p6uZznjJOcFaymduLYf45ik28IYzChnkt+ofJOWa16bb2JRCHdxs/ai03q6raizCc5JuunVsbgtlDxfu9y2Nag==",
      "dev": true,
      "license": "MIT",
      "dependencies": {
        "@types/node": "*"
      }
    },
    "node_modules/@types/node": {
      "version": "26.0.0",
      "resolved": "https://registry.npmjs.org/@types/node/-/node-26.0.0.tgz",
      "integrity": "sha512-vf2YFi1iY9lHGwNJMs01biZFbKJkrZR1T6/MlzjhJLPdntOHLhTrDSnSVcdtvjihi4VQNlrFRIxLsDBlQpAipA==",
      "dev": true,
      "license": "MIT",
      "dependencies": {
        "undici-types": "~8.3.0"
      }
    },
    "node_modules/csv-parse": {
      "version": "7.0.0",
      "resolved": "https://registry.npmjs.org/csv-parse/-/csv-parse-7.0.0.tgz",
      "integrity": "sha512-CSssqPAK5us09FhMI9juM0jnqXUJP+rtWeIfivTYBLNH/8rnxkQlZvoRemF6MAyfNov9XU8mN2wwF/pP68sxTA==",
      "license": "MIT"
    },
    "node_modules/undici-types": {
      "version": "8.3.0",
      "resolved": "https://registry.npmjs.org/undici-types/-/undici-types-8.3.0.tgz",
      "integrity": "sha512-j375ScV60dom+YkPFIfTLcOiPxkN/buHz5GobjLhixFuANaNs3C9l4GmrWqejgXWJ7BbJcFYpTEUkS1Ge8bpZQ==",
      "dev": true,
      "license": "MIT"
    }
  }
}
